
Microsoft Visual Studio Solution File, Format Version 12.00
# Visual Studio 15
VisualStudioVersion = 15.0.27130.2027
MinimumVisualStudioVersion = 10.0.40219.1
Project("{FAE04EC0-301F-11D3-BF4B-00C04F79EFBC}") = "Lab5", "Lab5\Lab5.csproj", "{1AB30567-D080-4A0F-AEC5-2E64AFEBEF0E}"
EndProject
Global
	GlobalSection(SolutionConfigurationPlatforms) = preSolution
		Debug|Any CPU = Debug|Any CPU
		Release|Any CPU = Release|Any CPU
	EndGlobalSection
	GlobalSection(ProjectConfigurationPlatforms) = postSolution
		{1AB30567-D080-4A0F-AEC5-2E64AFEBEF0E}.Debug|Any CPU.ActiveCfg = Debug|Any CPU
		{1AB30567-D080-4A0F-AEC5-2E64AFEBEF0E}.Debug|Any CPU.Build.0 = Debug|Any CPU
		{1AB30567-D080-4A0F-AEC5-2E64AFEBEF0E}.Release|Any CPU.ActiveCfg = Release|Any CPU
		{1AB30567-D080-4A0F-AEC5-2E64AFEBEF0E}.Release|Any CPU.Build.0 = Release|Any CPU
	EndGlobalSection
	GlobalSection(SolutionProperties) = preSolution
		HideSolutionNode = FALSE
	EndGlobalSection
	GlobalSection(ExtensibilityGlobals) = postSolution
		SolutionGuid = {99BFBB01-6581-4DF7-BC79-4DD93AB8C693}
	EndGlobalSection
EndGlobal
