
Microsoft Visual Studio Solution File, Format Version 12.00
# Visual Studio 15
VisualStudioVersion = 15.0.27130.2024
MinimumVisualStudioVersion = 10.0.40219.1
Project("{FAE04EC0-301F-11D3-BF4B-00C04F79EFBC}") = "Lab 6", "Lab 6\Lab 6.csproj", "{2BF854D9-B395-4CD1-A302-A30F9CCC3152}"
EndProject
Global
	GlobalSection(SolutionConfigurationPlatforms) = preSolution
		Debug|Any CPU = Debug|Any CPU
		Release|Any CPU = Release|Any CPU
	EndGlobalSection
	GlobalSection(ProjectConfigurationPlatforms) = postSolution
		{2BF854D9-B395-4CD1-A302-A30F9CCC3152}.Debug|Any CPU.ActiveCfg = Debug|Any CPU
		{2BF854D9-B395-4CD1-A302-A30F9CCC3152}.Debug|Any CPU.Build.0 = Debug|Any CPU
		{2BF854D9-B395-4CD1-A302-A30F9CCC3152}.Release|Any CPU.ActiveCfg = Release|Any CPU
		{2BF854D9-B395-4CD1-A302-A30F9CCC3152}.Release|Any CPU.Build.0 = Release|Any CPU
	EndGlobalSection
	GlobalSection(SolutionProperties) = preSolution
		HideSolutionNode = FALSE
	EndGlobalSection
	GlobalSection(ExtensibilityGlobals) = postSolution
		SolutionGuid = {0F6E4DD5-84EA-4EC4-A554-D45747B392BA}
	EndGlobalSection
EndGlobal
