
Microsoft Visual Studio Solution File, Format Version 12.00
# Visual Studio 15
VisualStudioVersion = 15.0.27130.2024
MinimumVisualStudioVersion = 10.0.40219.1
Project("{FAE04EC0-301F-11D3-BF4B-00C04F79EFBC}") = "Lab 4", "Lab 4\Lab 4.csproj", "{6A8E2252-EDA5-4414-A160-39B51B27D39C}"
EndProject
Global
	GlobalSection(SolutionConfigurationPlatforms) = preSolution
		Debug|Any CPU = Debug|Any CPU
		Release|Any CPU = Release|Any CPU
	EndGlobalSection
	GlobalSection(ProjectConfigurationPlatforms) = postSolution
		{6A8E2252-EDA5-4414-A160-39B51B27D39C}.Debug|Any CPU.ActiveCfg = Debug|Any CPU
		{6A8E2252-EDA5-4414-A160-39B51B27D39C}.Debug|Any CPU.Build.0 = Debug|Any CPU
		{6A8E2252-EDA5-4414-A160-39B51B27D39C}.Release|Any CPU.ActiveCfg = Release|Any CPU
		{6A8E2252-EDA5-4414-A160-39B51B27D39C}.Release|Any CPU.Build.0 = Release|Any CPU
	EndGlobalSection
	GlobalSection(SolutionProperties) = preSolution
		HideSolutionNode = FALSE
	EndGlobalSection
	GlobalSection(ExtensibilityGlobals) = postSolution
		SolutionGuid = {A0A3DFE8-75E5-48BB-849C-6CC48C32748C}
	EndGlobalSection
EndGlobal
